
Microsoft Visual Studio Solution File, Format Version 12.00
# Visual Studio 15
VisualStudioVersion = 15.0.28307.1433
MinimumVisualStudioVersion = 10.0.40219.1
Project("{FAE04EC0-301F-11D3-BF4B-00C04F79EFBC}") = "Zadanie 3", "Zadanie 3\Zadanie 3.csproj", "{B1807C63-1C45-4A52-9ABC-3E4837EE506D}"
EndProject
Global
	GlobalSection(SolutionConfigurationPlatforms) = preSolution
		Debug|Any CPU = Debug|Any CPU
		Release|Any CPU = Release|Any CPU
	EndGlobalSection
	GlobalSection(ProjectConfigurationPlatforms) = postSolution
		{B1807C63-1C45-4A52-9ABC-3E4837EE506D}.Debug|Any CPU.ActiveCfg = Debug|Any CPU
		{B1807C63-1C45-4A52-9ABC-3E4837EE506D}.Debug|Any CPU.Build.0 = Debug|Any CPU
		{B1807C63-1C45-4A52-9ABC-3E4837EE506D}.Release|Any CPU.ActiveCfg = Release|Any CPU
		{B1807C63-1C45-4A52-9ABC-3E4837EE506D}.Release|Any CPU.Build.0 = Release|Any CPU
	EndGlobalSection
	GlobalSection(SolutionProperties) = preSolution
		HideSolutionNode = FALSE
	EndGlobalSection
	GlobalSection(ExtensibilityGlobals) = postSolution
		SolutionGuid = {7B63B093-74ED-4EEA-8B7A-7E4B4A969FBF}
	EndGlobalSection
EndGlobal
